
Microsoft Visual Studio Solution File, Format Version 12.00
# Visual Studio 14
VisualStudioVersion = 14.0.23107.0
MinimumVisualStudioVersion = 10.0.40219.1
Project("{FAE04EC0-301F-11D3-BF4B-00C04F79EFBC}") = "08_01_SQL_Connect_start", "Start_LINQ_SQL\08_01_SQL_Connect_start.csproj", "{29C3A44A-5FCF-4A84-AF8D-CB0F91A0DD2C}"
EndProject
Global
	GlobalSection(SolutionConfigurationPlatforms) = preSolution
		Debug|Any CPU = Debug|Any CPU
		Release|Any CPU = Release|Any CPU
	EndGlobalSection
	GlobalSection(ProjectConfigurationPlatforms) = postSolution
		{29C3A44A-5FCF-4A84-AF8D-CB0F91A0DD2C}.Debug|Any CPU.ActiveCfg = Debug|Any CPU
		{29C3A44A-5FCF-4A84-AF8D-CB0F91A0DD2C}.Debug|Any CPU.Build.0 = Debug|Any CPU
		{29C3A44A-5FCF-4A84-AF8D-CB0F91A0DD2C}.Release|Any CPU.ActiveCfg = Release|Any CPU
		{29C3A44A-5FCF-4A84-AF8D-CB0F91A0DD2C}.Release|Any CPU.Build.0 = Release|Any CPU
	EndGlobalSection
	GlobalSection(SolutionProperties) = preSolution
		HideSolutionNode = FALSE
	EndGlobalSection
EndGlobal
